Microsoft Visual Studio Solution File, Format Version 12.00
# Visual Studio Version 17
VisualStudioVersion = 17.0.31903.59
MinimumVisualStudioVersion = 10.0.40219.1
Project("{9A19103F-16F7-4668-BE54-9A1E7A4F7556}") = "Manuals.API", "src\backend\Manuals.API\Manuals.API.csproj", "{3BC0AC7E-3B3E-4931-8A66-D83CAAD1691B}"
EndProject
Project("{9A19103F-16F7-4668-BE54-9A1E7A4F7556}") = "Manuals.Application", "src\backend\Manuals.Application\Manuals.Application.csproj", "{0F0E2FA9-9D4D-4F88-A2B8-B51C1678D4DD}"
EndProject
Project("{9A19103F-16F7-4668-BE54-9A1E7A4F7556}") = "Manuals.Domain", "src\backend\Manuals.Domain\Manuals.Domain.csproj", "{A2C5C254-82D8-4D7F-9C2A-4A3431FBF0B1}"
EndProject
Project("{9A19103F-16F7-4668-BE54-9A1E7A4F7556}") = "Manuals.Infrastructure", "src\backend\Manuals.Infrastructure\Manuals.Infrastructure.csproj", "{43B33771-B6AA-448F-837D-A31379EF7F82}"
EndProject
Project("{2150E333-8FDC-42A3-9474-1A3956D46DE8}") = "tests", "tests", "{5C7D73F1-2089-4814-9A68-67037D262774}"
EndProject
Project("{2150E333-8FDC-42A3-9474-1A3956D46DE8}") = "backend", "backend", "{4E069C6A-2E79-48B9-B10A-334C7AFEDB74}"
EndProject
Project("{9A19103F-16F7-4668-BE54-9A1E7A4F7556}") = "Manuals.API.Tests", "tests\backend\Manuals.API.Tests\Manuals.API.Tests.csproj", "{9E50A6A6-5A0F-4A23-B476-C33BF4E7F5E8}"
EndProject
Project("{9A19103F-16F7-4668-BE54-9A1E7A4F7556}") = "Manuals.Application.Tests", "tests\backend\Manuals.Application.Tests\Manuals.Application.Tests.csproj", "{8531C28E-2041-4AF1-AAEA-C132F6C045A9}"
EndProject
Global
	GlobalSection(SolutionConfigurationPlatforms) = preSolution
		Debug|Any CPU = Debug|Any CPU
		Release|Any CPU = Release|Any CPU
	EndGlobalSection
	GlobalSection(ProjectConfigurationPlatforms) = postSolution
		{3BC0AC7E-3B3E-4931-8A66-D83CAAD1691B}.Debug|Any CPU.ActiveCfg = Debug|Any CPU
		{3BC0AC7E-3B3E-4931-8A66-D83CAAD1691B}.Debug|Any CPU.Build.0 = Debug|Any CPU
		{3BC0AC7E-3B3E-4931-8A66-D83CAAD1691B}.Release|Any CPU.ActiveCfg = Release|Any CPU
		{3BC0AC7E-3B3E-4931-8A66-D83CAAD1691B}.Release|Any CPU.Build.0 = Release|Any CPU
		{0F0E2FA9-9D4D-4F88-A2B8-B51C1678D4DD}.Debug|Any CPU.ActiveCfg = Debug|Any CPU
		{0F0E2FA9-9D4D-4F88-A2B8-B51C1678D4DD}.Debug|Any CPU.Build.0 = Debug|Any CPU
		{0F0E2FA9-9D4D-4F88-A2B8-B51C1678D4DD}.Release|Any CPU.ActiveCfg = Release|Any CPU
		{0F0E2FA9-9D4D-4F88-A2B8-B51C1678D4DD}.Release|Any CPU.Build.0 = Release|Any CPU
		{A2C5C254-82D8-4D7F-9C2A-4A3431FBF0B1}.Debug|Any CPU.ActiveCfg = Debug|Any CPU
		{A2C5C254-82D8-4D7F-9C2A-4A3431FBF0B1}.Debug|Any CPU.Build.0 = Debug|Any CPU
		{A2C5C254-82D8-4D7F-9C2A-4A3431FBF0B1}.Release|Any CPU.ActiveCfg = Release|Any CPU
		{A2C5C254-82D8-4D7F-9C2A-4A3431FBF0B1}.Release|Any CPU.Build.0 = Release|Any CPU
		{43B33771-B6AA-448F-837D-A31379EF7F82}.Debug|Any CPU.ActiveCfg = Debug|Any CPU
		{43B33771-B6AA-448F-837D-A31379EF7F82}.Debug|Any CPU.Build.0 = Debug|Any CPU
		{43B33771-B6AA-448F-837D-A31379EF7F82}.Release|Any CPU.ActiveCfg = Release|Any CPU
		{43B33771-B6AA-448F-837D-A31379EF7F82}.Release|Any CPU.Build.0 = Release|Any CPU
		{9E50A6A6-5A0F-4A23-B476-C33BF4E7F5E8}.Debug|Any CPU.ActiveCfg = Debug|Any CPU
		{9E50A6A6-5A0F-4A23-B476-C33BF4E7F5E8}.Debug|Any CPU.Build.0 = Debug|Any CPU
		{9E50A6A6-5A0F-4A23-B476-C33BF4E7F5E8}.Release|Any CPU.ActiveCfg = Release|Any CPU
		{9E50A6A6-5A0F-4A23-B476-C33BF4E7F5E8}.Release|Any CPU.Build.0 = Release|Any CPU
		{8531C28E-2041-4AF1-AAEA-C132F6C045A9}.Debug|Any CPU.ActiveCfg = Debug|Any CPU
		{8531C28E-2041-4AF1-AAEA-C132F6C045A9}.Debug|Any CPU.Build.0 = Debug|Any CPU
		{8531C28E-2041-4AF1-AAEA-C132F6C045A9}.Release|Any CPU.ActiveCfg = Release|Any CPU
		{8531C28E-2041-4AF1-AAEA-C132F6C045A9}.Release|Any CPU.Build.0 = Release|Any CPU
	EndGlobalSection
	GlobalSection(SolutionProperties) = preSolution
		HideSolutionNode = FALSE
	EndGlobalSection
	GlobalSection(NestedProjects) = preSolution
		{4E069C6A-2E79-48B9-B10A-334C7AFEDB74} = {5C7D73F1-2089-4814-9A68-67037D262774}
		{9E50A6A6-5A0F-4A23-B476-C33BF4E7F5E8} = {4E069C6A-2E79-48B9-B10A-334C7AFEDB74}
		{8531C28E-2041-4AF1-AAEA-C132F6C045A9} = {4E069C6A-2E79-48B9-B10A-334C7AFEDB74}
	EndGlobalSection
	GlobalSection(ExtensibilityGlobals) = postSolution
		SolutionGuid = {54730D5B-2B1F-4E25-9C85-F8EC2FC5A21B}
	EndGlobalSection
EndGlobal
